
Microsoft Visual Studio Solution File, Format Version 12.00
# Visual Studio Version 16
VisualStudioVersion = 25.0.1704.0
MinimumVisualStudioVersion = 10.0.40219.1
Project("{FAE04EC0-301F-11D3-BF4B-00C04F79EFBC}") = "RichsRack", "RichsRack\RichsRack.csproj", "{AA1057D9-315E-4CED-9EC0-63AC2B0B052B}"
EndProject
Global
	GlobalSection(SolutionConfigurationPlatforms) = preSolution
		Debug|Any CPU = Debug|Any CPU
		Release|Any CPU = Release|Any CPU
	EndGlobalSection
	GlobalSection(ProjectConfigurationPlatforms) = postSolution
		{AA1057D9-315E-4CED-9EC0-63AC2B0B052B}.Debug|Any CPU.ActiveCfg = Debug|Any CPU
		{AA1057D9-315E-4CED-9EC0-63AC2B0B052B}.Debug|Any CPU.Build.0 = Debug|Any CPU
		{AA1057D9-315E-4CED-9EC0-63AC2B0B052B}.Release|Any CPU.ActiveCfg = Release|Any CPU
		{AA1057D9-315E-4CED-9EC0-63AC2B0B052B}.Release|Any CPU.Build.0 = Release|Any CPU
	EndGlobalSection
	GlobalSection(SolutionProperties) = preSolution
		HideSolutionNode = FALSE
	EndGlobalSection
	GlobalSection(ExtensibilityGlobals) = postSolution
		SolutionGuid = {3A340C8A-CCB2-4471-9284-ED592A8841C0}
	EndGlobalSection
EndGlobal
