
Microsoft Visual Studio Solution File, Format Version 12.00
# Visual Studio Version 16
VisualStudioVersion = 25.0.1704.3
MinimumVisualStudioVersion = 10.0.40219.1
Project("{FAE04EC0-301F-11D3-BF4B-00C04F79EFBC}") = "SupernaturalBestiary", "SupernaturalBestiary\SupernaturalBestiary.csproj", "{750E4976-34B2-4D68-9CFC-5AFD2C436EA1}"
EndProject
Global
	GlobalSection(SolutionConfigurationPlatforms) = preSolution
		Debug|Any CPU = Debug|Any CPU
		Release|Any CPU = Release|Any CPU
	EndGlobalSection
	GlobalSection(ProjectConfigurationPlatforms) = postSolution
		{750E4976-34B2-4D68-9CFC-5AFD2C436EA1}.Debug|Any CPU.ActiveCfg = Debug|Any CPU
		{750E4976-34B2-4D68-9CFC-5AFD2C436EA1}.Debug|Any CPU.Build.0 = Debug|Any CPU
		{750E4976-34B2-4D68-9CFC-5AFD2C436EA1}.Release|Any CPU.ActiveCfg = Release|Any CPU
		{750E4976-34B2-4D68-9CFC-5AFD2C436EA1}.Release|Any CPU.Build.0 = Release|Any CPU
	EndGlobalSection
	GlobalSection(SolutionProperties) = preSolution
		HideSolutionNode = FALSE
	EndGlobalSection
	GlobalSection(ExtensibilityGlobals) = postSolution
		SolutionGuid = {AAB2553B-02E0-4DDB-9239-4D4749E08AD7}
	EndGlobalSection
EndGlobal
