
Microsoft Visual Studio Solution File, Format Version 12.00
# Visual Studio Version 16
VisualStudioVersion = 25.0.1703.2
MinimumVisualStudioVersion = 10.0.40219.1
Project("{FAE04EC0-301F-11D3-BF4B-00C04F79EFBC}") = "PartyPlanner", "PartyPlanner\PartyPlanner.csproj", "{DD8B251E-D15C-4996-B81F-8E8CCF44D1CC}"
EndProject
Global
	GlobalSection(SolutionConfigurationPlatforms) = preSolution
		Debug|Any CPU = Debug|Any CPU
		Release|Any CPU = Release|Any CPU
	EndGlobalSection
	GlobalSection(ProjectConfigurationPlatforms) = postSolution
		{DD8B251E-D15C-4996-B81F-8E8CCF44D1CC}.Debug|Any CPU.ActiveCfg = Debug|Any CPU
		{DD8B251E-D15C-4996-B81F-8E8CCF44D1CC}.Debug|Any CPU.Build.0 = Debug|Any CPU
		{DD8B251E-D15C-4996-B81F-8E8CCF44D1CC}.Release|Any CPU.ActiveCfg = Release|Any CPU
		{DD8B251E-D15C-4996-B81F-8E8CCF44D1CC}.Release|Any CPU.Build.0 = Release|Any CPU
	EndGlobalSection
	GlobalSection(SolutionProperties) = preSolution
		HideSolutionNode = FALSE
	EndGlobalSection
	GlobalSection(ExtensibilityGlobals) = postSolution
		SolutionGuid = {28915E59-B4F5-4444-BFD7-04AB6BA8EF83}
	EndGlobalSection
EndGlobal
